
Microsoft Visual Studio Solution File, Format Version 12.00
# Visual Studio Version 16
VisualStudioVersion = 16.0.29709.97
MinimumVisualStudioVersion = 10.0.40219.1
Project("{D4B43EB3-688B-4EEE-86BD-088F0B28ABB3}") = "Connect.NPM.SolarWinds", "Connect.NPM.SolarWinds\Connect.NPM.SolarWinds.mpproj", "{07134B43-03D9-4197-BD26-AC34D115439D}"
EndProject
Global
	GlobalSection(SolutionConfigurationPlatforms) = preSolution
		Debug|x86 = Debug|x86
		Release|x86 = Release|x86
	EndGlobalSection
	GlobalSection(ProjectConfigurationPlatforms) = postSolution
		{07134B43-03D9-4197-BD26-AC34D115439D}.Debug|x86.ActiveCfg = Debug|x86
		{07134B43-03D9-4197-BD26-AC34D115439D}.Debug|x86.Build.0 = Debug|x86
		{07134B43-03D9-4197-BD26-AC34D115439D}.Release|x86.ActiveCfg = Release|x86
		{07134B43-03D9-4197-BD26-AC34D115439D}.Release|x86.Build.0 = Release|x86
	EndGlobalSection
	GlobalSection(SolutionProperties) = preSolution
		HideSolutionNode = FALSE
	EndGlobalSection
	GlobalSection(ExtensibilityGlobals) = postSolution
		SolutionGuid = {33687AB8-0477-448B-8340-DC4316A3E7B7}
	EndGlobalSection
EndGlobal
